{
	"name": "conduit",
	"lockfileVersion": 3,
	"requires": true,
	"packages": {
		"": {
			"name": "conduit",
			"dependencies": {
				"conduit": "file:",
				"ky": "^1.8.1",
				"meow": "^13.2.0",
				"prettier": "^3.5.3"
			},
			"devDependencies": {
				"@types/bun": "^1.2.15"
			},
			"peerDependencies": {
				"typescript": "^5"
			}
		},
		"node_modules/@types/bun": {
			"version": "1.2.15",
			"dev": true,
			"license": "MIT",
			"dependencies": {
				"bun-types": "1.2.15"
			}
		},
		"node_modules/@types/node": {
			"version": "22.15.29",
			"dev": true,
			"license": "MIT",
			"dependencies": {
				"undici-types": "~6.21.0"
			}
		},
		"node_modules/bun-types": {
			"version": "1.2.15",
			"dev": true,
			"license": "MIT",
			"dependencies": {
				"@types/node": "*"
			}
		},
		"node_modules/conduit": {
			"resolved": "",
			"link": true
		},
		"node_modules/ky": {
			"version": "1.8.1",
			"license": "MIT",
			"engines": {
				"node": ">=18"
			},
			"funding": {
				"url": "https://github.com/sindresorhus/ky?sponsor=1"
			}
		},
		"node_modules/meow": {
			"version": "13.2.0",
			"license": "MIT",
			"engines": {
				"node": ">=18"
			},
			"funding": {
				"url": "https://github.com/sponsors/sindresorhus"
			}
		},
		"node_modules/prettier": {
			"version": "3.5.3",
			"license": "MIT",
			"bin": {
				"prettier": "bin/prettier.cjs"
			},
			"engines": {
				"node": ">=14"
			},
			"funding": {
				"url": "https://github.com/prettier/prettier?sponsor=1"
			}
		},
		"node_modules/typescript": {
			"version": "5.8.3",
			"license": "Apache-2.0",
			"peer": true,
			"bin": {
				"tsc": "bin/tsc",
				"tsserver": "bin/tsserver"
			},
			"engines": {
				"node": ">=14.17"
			}
		},
		"node_modules/undici-types": {
			"version": "6.21.0",
			"dev": true,
			"license": "MIT"
		}
	}
}
